
Microsoft Visual Studio Solution File, Format Version 12.00
# Visual Studio 15
Project("{FAE04EC0-301F-11D3-BF4B-00C04F79EFBC}") = "k-love", "k-love\k-love.csproj", "{3D2EF3C2-48EC-49A2-B704-0D85B5B04BAC}"
EndProject
Project("{FAE04EC0-301F-11D3-BF4B-00C04F79EFBC}") = "UnitTesting", "UnitTesting\UnitTesting.csproj", "{00286D3F-153C-4DED-AED1-573AAEE9024B}"
EndProject
Global
	GlobalSection(SolutionConfigurationPlatforms) = preSolution
		Debug|Any CPU = Debug|Any CPU
		Release|Any CPU = Release|Any CPU
	EndGlobalSection
	GlobalSection(ProjectConfigurationPlatforms) = postSolution
		{3D2EF3C2-48EC-49A2-B704-0D85B5B04BAC}.Debug|Any CPU.ActiveCfg = Debug|Any CPU
		{3D2EF3C2-48EC-49A2-B704-0D85B5B04BAC}.Debug|Any CPU.Build.0 = Debug|Any CPU
		{3D2EF3C2-48EC-49A2-B704-0D85B5B04BAC}.Release|Any CPU.ActiveCfg = Release|Any CPU
		{3D2EF3C2-48EC-49A2-B704-0D85B5B04BAC}.Release|Any CPU.Build.0 = Release|Any CPU
		{00286D3F-153C-4DED-AED1-573AAEE9024B}.Debug|Any CPU.ActiveCfg = Debug|Any CPU
		{00286D3F-153C-4DED-AED1-573AAEE9024B}.Debug|Any CPU.Build.0 = Debug|Any CPU
		{00286D3F-153C-4DED-AED1-573AAEE9024B}.Release|Any CPU.ActiveCfg = Release|Any CPU
		{00286D3F-153C-4DED-AED1-573AAEE9024B}.Release|Any CPU.Build.0 = Release|Any CPU
	EndGlobalSection
EndGlobal
